// !$*UTF8*$!
{
	archiveVersion = 1;
	classes = {
	};
	objectVersion = 55;
	objects = {

/* Begin PBXBuildFile section */
		4AE7204128C881150076B702 /* Popup1.storyboard in Resources */ = {isa = PBXBuildFile; fileRef = 4AE7204028C881150076B702 /* Popup1.storyboard */; };
		4AE7204328C8817D0076B702 /* Popup1ViewController.swift in Sources */ = {isa = PBXBuildFile; fileRef = 4AE7204228C8817D0076B702 /* Popup1ViewController.swift */; };
		4AF3801328C788F4003E7F64 /* AppDelegate.swift in Sources */ = {isa = PBXBuildFile; fileRef = 4AF3801228C788F4003E7F64 /* AppDelegate.swift */; };
		4AF3801528C788F4003E7F64 /* SceneDelegate.swift in Sources */ = {isa = PBXBuildFile; fileRef = 4AF3801428C788F4003E7F64 /* SceneDelegate.swift */; };
		4AF3801728C788F4003E7F64 /* ViewController.swift in Sources */ = {isa = PBXBuildFile; fileRef = 4AF3801628C788F4003E7F64 /* ViewController.swift */; };
		4AF3801A28C788F4003E7F64 /* Main.storyboard in Resources */ = {isa = PBXBuildFile; fileRef = 4AF3801828C788F4003E7F64 /* Main.storyboard */; };
		4AF3801C28C788F5003E7F64 /* Assets.xcassets in Resources */ = {isa = PBXBuildFile; fileRef = 4AF3801B28C788F5003E7F64 /* Assets.xcassets */; };
		4AF3801F28C788F5003E7F64 /* LaunchScreen.storyboard in Resources */ = {isa = PBXBuildFile; fileRef = 4AF3801D28C788F5003E7F64 /* LaunchScreen.storyboard */; };
/* End PBXBuildFile section */

/* Begin PBXFileReference section */
		4AE7204028C881150076B702 /* Popup1.storyboard */ = {isa = PBXFileReference; lastKnownFileType = file.storyboard; path = Popup1.storyboard; sourceTree = "<group>"; };
		4AE7204228C8817D0076B702 /* Popup1ViewController.swift */ = {isa = PBXFileReference; lastKnownFileType = sourcecode.swift; path = Popup1ViewController.swift; sourceTree = "<group>"; };
		4AF3800F28C788F4003E7F64 /* CustomPopupApp.app */ = {isa = PBXFileReference; explicitFileType = wrapper.application; includeInIndex = 0; path = CustomPopupApp.app; sourceTree = BUILT_PRODUCTS_DIR; };
		4AF3801228C788F4003E7F64 /* AppDelegate.swift */ = {isa = PBXFileReference; lastKnownFileType = sourcecode.swift; path = AppDelegate.swift; sourceTree = "<group>"; };
		4AF3801428C788F4003E7F64 /* SceneDelegate.swift */ = {isa = PBXFileReference; lastKnownFileType = sourcecode.swift; path = SceneDelegate.swift; sourceTree = "<group>"; };
		4AF3801628C788F4003E7F64 /* ViewController.swift */ = {isa = PBXFileReference; lastKnownFileType = sourcecode.swift; path = ViewController.swift; sourceTree = "<group>"; };
		4AF3801928C788F4003E7F64 /* Base */ = {isa = PBXFileReference; lastKnownFileType = file.storyboard; name = Base; path = Base.lproj/Main.storyboard; sourceTree = "<group>"; };
		4AF3801B28C788F5003E7F64 /* Assets.xcassets */ = {isa = PBXFileReference; lastKnownFileType = folder.assetcatalog; path = Assets.xcassets; sourceTree = "<group>"; };
		4AF3801E28C788F5003E7F64 /* Base */ = {isa = PBXFileReference; lastKnownFileType = file.storyboard; name = Base; path = Base.lproj/LaunchScreen.storyboard; sourceTree = "<group>"; };
		4AF3802028C788F5003E7F64 /* Info.plist */ = {isa = PBXFileReference; lastKnownFileType = text.plist.xml; path = Info.plist; sourceTree = "<group>"; };
/* End PBXFileReference section */

/* Begin PBXFrameworksBuildPhase section */
		4AF3800C28C788F4003E7F64 /* Frameworks */ = {
			isa = PBXFrameworksBuildPhase;
			buildActionMask = 2147483647;
			files = (
			);
			runOnlyForDeploymentPostprocessing = 0;
		};
/* End PBXFrameworksBuildPhase section */

/* Begin PBXGroup section */
		4AE7203F28C880EF0076B702 /* Popups */ = {
			isa = PBXGroup;
			children = (
				4AE7204028C881150076B702 /* Popup1.storyboard */,
				4AE7204228C8817D0076B702 /* Popup1ViewController.swift */,
			);
			path = Popups;
			sourceTree = "<group>";
		};
		4AF3800628C788F4003E7F64 = {
			isa = PBXGroup;
			children = (
				4AF3801128C788F4003E7F64 /* CustomPopupApp */,
				4AF3801028C788F4003E7F64 /* Products */,
			);
			sourceTree = "<group>";
		};
		4AF3801028C788F4003E7F64 /* Products */ = {
			isa = PBXGroup;
			children = (
				4AF3800F28C788F4003E7F64 /* CustomPopupApp.app */,
			);
			name = Products;
			sourceTree = "<group>";
		};
		4AF3801128C788F4003E7F64 /* CustomPopupApp */ = {
			isa = PBXGroup;
			children = (
				4AE7203F28C880EF0076B702 /* Popups */,
				4AF3801228C788F4003E7F64 /* AppDelegate.swift */,
				4AF3801428C788F4003E7F64 /* SceneDelegate.swift */,
				4AF3801628C788F4003E7F64 /* ViewController.swift */,
				4AF3801828C788F4003E7F64 /* Main.storyboard */,
				4AF3801B28C788F5003E7F64 /* Assets.xcassets */,
				4AF3801D28C788F5003E7F64 /* LaunchScreen.storyboard */,
				4AF3802028C788F5003E7F64 /* Info.plist */,
			);
			path = CustomPopupApp;
			sourceTree = "<group>";
		};
/* End PBXGroup section */

/* Begin PBXNativeTarget section */
		4AF3800E28C788F4003E7F64 /* CustomPopupApp */ = {
			isa = PBXNativeTarget;
			buildConfigurationList = 4AF3802328C788F5003E7F64 /* Build configuration list for PBXNativeTarget "CustomPopupApp" */;
			buildPhases = (
				4AF3800B28C788F4003E7F64 /* Sources */,
				4AF3800C28C788F4003E7F64 /* Frameworks */,
				4AF3800D28C788F4003E7F64 /* Resources */,
			);
			buildRules = (
			);
			dependencies = (
			);
			name = CustomPopupApp;
			productName = CustomPopupApp;
			productReference = 4AF3800F28C788F4003E7F64 /* CustomPopupApp.app */;
			productType = "com.apple.product-type.application";
		};
/* End PBXNativeTarget section */

/* Begin PBXProject section */
		4AF3800728C788F4003E7F64 /* Project object */ = {
			isa = PBXProject;
			attributes = {
				BuildIndependentTargetsInParallel = 1;
				LastSwiftUpdateCheck = 1330;
				LastUpgradeCheck = 1330;
				TargetAttributes = {
					4AF3800E28C788F4003E7F64 = {
						CreatedOnToolsVersion = 13.3;
					};
				};
			};
			buildConfigurationList = 4AF3800A28C788F4003E7F64 /* Build configuration list for PBXProject "CustomPopupApp" */;
			compatibilityVersion = "Xcode 13.0";
			developmentRegion = en;
			hasScannedForEncodings = 0;
			knownRegions = (
				en,
				Base,
			);
			mainGroup = 4AF3800628C788F4003E7F64;
			productRefGroup = 4AF3801028C788F4003E7F64 /* Products */;
			projectDirPath = "";
			projectRoot = "";
			targets = (
				4AF3800E28C788F4003E7F64 /* CustomPopupApp */,
			);
		};
/* End PBXProject section */

/* Begin PBXResourcesBuildPhase section */
		4AF3800D28C788F4003E7F64 /* Resources */ = {
			isa = PBXResourcesBuildPhase;
			buildActionMask = 2147483647;
			files = (
				4AF3801F28C788F5003E7F64 /* LaunchScreen.storyboard in Resources */,
				4AE7204128C881150076B702 /* Popup1.storyboard in Resources */,
				4AF3801C28C788F5003E7F64 /* Assets.xcassets in Resources */,
				4AF3801A28C788F4003E7F64 /* Main.storyboard in Resources */,
			);
			runOnlyForDeploymentPostprocessing = 0;
		};
/* End PBXResourcesBuildPhase section */

/* Begin PBXSourcesBuildPhase section */
		4AF3800B28C788F4003E7F64 /* Sources */ = {
			isa = PBXSourcesBuildPhase;
			buildActionMask = 2147483647;
			files = (
				4AF3801728C788F4003E7F64 /* ViewController.swift in Sources */,
				4AE7204328C8817D0076B702 /* Popup1ViewController.swift in Sources */,
				4AF3801328C788F4003E7F64 /* AppDelegate.swift in Sources */,
				4AF3801528C788F4003E7F64 /* SceneDelegate.swift in Sources */,
			);
			runOnlyForDeploymentPostprocessing = 0;
		};
/* End PBXSourcesBuildPhase section */

/* Begin PBXVariantGroup section */
		4AF3801828C788F4003E7F64 /* Main.storyboard */ = {
			isa = PBXVariantGroup;
			children = (
				4AF3801928C788F4003E7F64 /* Base */,
			);
			name = Main.storyboard;
			sourceTree = "<group>";
		};
		4AF3801D28C788F5003E7F64 /* LaunchScreen.storyboard */ = {
			isa = PBXVariantGroup;
			children = (
				4AF3801E28C788F5003E7F64 /* Base */,
			);
			name = LaunchScreen.storyboard;
			sourceTree = "<group>";
		};
/* End PBXVariantGroup section */

/* Begin XCBuildConfiguration section */
		4AF3802128C788F5003E7F64 /* Debug */ = {
			isa = XCBuildConfiguration;
			buildSettings = {
				ALWAYS_SEARCH_USER_PATHS = NO;
				CLANG_ANALYZER_NONNULL = YES;
				CLANG_ANALYZER_NUMBER_OBJECT_CONVERSION = YES_AGGRESSIVE;
				CLANG_CXX_LANGUAGE_STANDARD = "gnu++17";
				CLANG_ENABLE_MODULES = YES;
				CLANG_ENABLE_OBJC_ARC = YES;
				CLANG_ENABLE_OBJC_WEAK = YES;
				CLANG_WARN_BLOCK_CAPTURE_AUTORELEASING = YES;
				CLANG_WARN_BOOL_CONVERSION = YES;
				CLANG_WARN_COMMA = YES;
				CLANG_WARN_CONSTANT_CONVERSION = YES;
				CLANG_WARN_DEPRECATED_OBJC_IMPLEMENTATIONS = YES;
				CLANG_WARN_DIRECT_OBJC_ISA_USAGE = YES_ERROR;
				CLANG_WARN_DOCUMENTATION_COMMENTS = YES;
				CLANG_WARN_EMPTY_BODY = YES;
				CLANG_WARN_ENUM_CONVERSION = YES;
				CLANG_WARN_INFINITE_RECURSION = YES;
				CLANG_WARN_INT_CONVERSION = YES;
				CLANG_WARN_NON_LITERAL_NULL_CONVERSION = YES;
				CLANG_WARN_OBJC_IMPLICIT_RETAIN_SELF = YES;
				CLANG_WARN_OBJC_LITERAL_CONVERSION = YES;
				CLANG_WARN_OBJC_ROOT_CLASS = YES_ERROR;
				CLANG_WARN_QUOTED_INCLUDE_IN_FRAMEWORK_HEADER = YES;
				CLANG_WARN_RANGE_LOOP_ANALYSIS = YES;
				CLANG_WARN_STRICT_PROTOTYPES = YES;
				CLANG_WARN_SUSPICIOUS_MOVE = YES;
				CLANG_WARN_UNGUARDED_AVAILABILITY = YES_AGGRESSIVE;
				CLANG_WARN_UNREACHABLE_CODE = YES;
				CLANG_WARN__DUPLICATE_METHOD_MATCH = YES;
				COPY_PHASE_STRIP = NO;
				DEBUG_INFORMATION_FORMAT = dwarf;
				ENABLE_STRICT_OBJC_MSGSEND = YES;
				ENABLE_TESTABILITY = YES;
				GCC_C_LANGUAGE_STANDARD = gnu11;
				GCC_DYNAMIC_NO_PIC = NO;
				GCC_NO_COMMON_BLOCKS = YES;
				GCC_OPTIMIZATION_LEVEL = 0;
				GCC_PREPROCESSOR_DEFINITIONS = (
					"DEBUG=1",
					"$(inherited)",
				);
				GCC_WARN_64_TO_32_BIT_CONVERSION = YES;
				GCC_WARN_ABOUT_RETURN_TYPE = YES_ERROR;
				GCC_WARN_UNDECLARED_SELECTOR = YES;
				GCC_WARN_UNINITIALIZED_AUTOS = YES_AGGRESSIVE;
				GCC_WARN_UNUSED_FUNCTION = YES;
				GCC_WARN_UNUSED_VARIABLE = YES;
				IPHONEOS_DEPLOYMENT_TARGET = 15.4;
				MTL_ENABLE_DEBUG_INFO = INCLUDE_SOURCE;
				MTL_FAST_MATH = YES;
				ONLY_ACTIVE_ARCH = YES;
				SDKROOT = iphoneos;
				SWIFT_ACTIVE_COMPILATION_CONDITIONS = DEBUG;
				SWIFT_OPTIMIZATION_LEVEL = "-Onone";
			};
			name = Debug;
		};
		4AF3802228C788F5003E7F64 /* Release */ = {
			isa = XCBuildConfiguration;
			buildSettings = {
				ALWAYS_SEARCH_USER_PATHS = NO;
				CLANG_ANALYZER_NONNULL = YES;
				CLANG_ANALYZER_NUMBER_OBJECT_CONVERSION = YES_AGGRESSIVE;
				CLANG_CXX_LANGUAGE_STANDARD = "gnu++17";
				CLANG_ENABLE_MODULES = YES;
				CLANG_ENABLE_OBJC_ARC = YES;
				CLANG_ENABLE_OBJC_WEAK = YES;
				CLANG_WARN_BLOCK_CAPTURE_AUTORELEASING = YES;
				CLANG_WARN_BOOL_CONVERSION = YES;
				CLANG_WARN_COMMA = YES;
				CLANG_WARN_CONSTANT_CONVERSION = YES;
				CLANG_WARN_DEPRECATED_OBJC_IMPLEMENTATIONS = YES;
				CLANG_WARN_DIRECT_OBJC_ISA_USAGE = YES_ERROR;
				CLANG_WARN_DOCUMENTATION_COMMENTS = YES;
				CLANG_WARN_EMPTY_BODY = YES;
				CLANG_WARN_ENUM_CONVERSION = YES;
				CLANG_WARN_INFINITE_RECURSION = YES;
				CLANG_WARN_INT_CONVERSION = YES;
				CLANG_WARN_NON_LITERAL_NULL_CONVERSION = YES;
				CLANG_WARN_OBJC_IMPLICIT_RETAIN_SELF = YES;
				CLANG_WARN_OBJC_LITERAL_CONVERSION = YES;
				CLANG_WARN_OBJC_ROOT_CLASS = YES_ERROR;
				CLANG_WARN_QUOTED_INCLUDE_IN_FRAMEWORK_HEADER = YES;
				CLANG_WARN_RANGE_LOOP_ANALYSIS = YES;
				CLANG_WARN_STRICT_PROTOTYPES = YES;
				CLANG_WARN_SUSPICIOUS_MOVE = YES;
				CLANG_WARN_UNGUARDED_AVAILABILITY = YES_AGGRESSIVE;
				CLANG_WARN_UNREACHABLE_CODE = YES;
				CLANG_WARN__DUPLICATE_METHOD_MATCH = YES;
				COPY_PHASE_STRIP = NO;
				DEBUG_INFORMATION_FORMAT = "dwarf-with-dsym";
				ENABLE_NS_ASSERTIONS = NO;
				ENABLE_STRICT_OBJC_MSGSEND = YES;
				GCC_C_LANGUAGE_STANDARD = gnu11;
				GCC_NO_COMMON_BLOCKS = YES;
				GCC_WARN_64_TO_32_BIT_CONVERSION = YES;
				GCC_WARN_ABOUT_RETURN_TYPE = YES_ERROR;
				GCC_WARN_UNDECLARED_SELECTOR = YES;
				GCC_WARN_UNINITIALIZED_AUTOS = YES_AGGRESSIVE;
				GCC_WARN_UNUSED_FUNCTION = YES;
				GCC_WARN_UNUSED_VARIABLE = YES;
				IPHONEOS_DEPLOYMENT_TARGET = 15.4;
				MTL_ENABLE_DEBUG_INFO = NO;
				MTL_FAST_MATH = YES;
				SDKROOT = iphoneos;
				SWIFT_COMPILATION_MODE = wholemodule;
				SWIFT_OPTIMIZATION_LEVEL = "-O";
				VALIDATE_PRODUCT = YES;
			};
			name = Release;
		};
		4AF3802428C788F5003E7F64 /* Debug */ = {
			isa = XCBuildConfiguration;
			buildSettings = {
				ASSETCATALOG_COMPILER_APPICON_NAME = AppIcon;
				ASSETCATALOG_COMPILER_GLOBAL_ACCENT_COLOR_NAME = AccentColor;
				CODE_SIGN_STYLE = Automatic;
				CURRENT_PROJECT_VERSION = 1;
				GENERATE_INFOPLIST_FILE = YES;
				INFOPLIST_FILE = CustomPopupApp/Info.plist;
				INFOPLIST_KEY_UIApplicationSupportsIndirectInputEvents = YES;
				INFOPLIST_KEY_UILaunchStoryboardName = LaunchScreen;
				INFOPLIST_KEY_UIMainStoryboardFile = Main;
				INFOPLIST_KEY_UISupportedInterfaceOrientations_iPad = "UIInterfaceOrientationPortrait UIInterfaceOrientationPortraitUpsideDown UIInterfaceOrientationLandscapeLeft UIInterfaceOrientationLandscapeRight";
				INFOPLIST_KEY_UISupportedInterfaceOrientations_iPhone = "UIInterfaceOrientationPortrait UIInterfaceOrientationLandscapeLeft UIInterfaceOrientationLandscapeRight";
				LD_RUNPATH_SEARCH_PATHS = (
					"$(inherited)",
					"@executable_path/Frameworks",
				);
				MARKETING_VERSION = 1.0;
				PRODUCT_BUNDLE_IDENTIFIER = com.loveh.CustomPopupApp;
				PRODUCT_NAME = "$(TARGET_NAME)";
				SWIFT_EMIT_LOC_STRINGS = YES;
				SWIFT_VERSION = 5.0;
				TARGETED_DEVICE_FAMILY = "1,2";
			};
			name = Debug;
		};
		4AF3802528C788F5003E7F64 /* Release */ = {
			isa = XCBuildConfiguration;
			buildSettings = {
				ASSETCATALOG_COMPILER_APPICON_NAME = AppIcon;
				ASSETCATALOG_COMPILER_GLOBAL_ACCENT_COLOR_NAME = AccentColor;
				CODE_SIGN_STYLE = Automatic;
				CURRENT_PROJECT_VERSION = 1;
				GENERATE_INFOPLIST_FILE = YES;
				INFOPLIST_FILE = CustomPopupApp/Info.plist;
				INFOPLIST_KEY_UIApplicationSupportsIndirectInputEvents = YES;
				INFOPLIST_KEY_UILaunchStoryboardName = LaunchScreen;
				INFOPLIST_KEY_UIMainStoryboardFile = Main;
				INFOPLIST_KEY_UISupportedInterfaceOrientations_iPad = "UIInterfaceOrientationPortrait UIInterfaceOrientationPortraitUpsideDown UIInterfaceOrientationLandscapeLeft UIInterfaceOrientationLandscapeRight";
				INFOPLIST_KEY_UISupportedInterfaceOrientations_iPhone = "UIInterfaceOrientationPortrait UIInterfaceOrientationLandscapeLeft UIInterfaceOrientationLandscapeRight";
				LD_RUNPATH_SEARCH_PATHS = (
					"$(inherited)",
					"@executable_path/Frameworks",
				);
				MARKETING_VERSION = 1.0;
				PRODUCT_BUNDLE_IDENTIFIER = com.loveh.CustomPopupApp;
				PRODUCT_NAME = "$(TARGET_NAME)";
				SWIFT_EMIT_LOC_STRINGS = YES;
				SWIFT_VERSION = 5.0;
				TARGETED_DEVICE_FAMILY = "1,2";
			};
			name = Release;
		};
/* End XCBuildConfiguration section */

/* Begin XCConfigurationList section */
		4AF3800A28C788F4003E7F64 /* Build configuration list for PBXProject "CustomPopupApp" */ = {
			isa = XCConfigurationList;
			buildConfigurations = (
				4AF3802128C788F5003E7F64 /* Debug */,
				4AF3802228C788F5003E7F64 /* Release */,
			);
			defaultConfigurationIsVisible = 0;
			defaultConfigurationName = Release;
		};
		4AF3802328C788F5003E7F64 /* Build configuration list for PBXNativeTarget "CustomPopupApp" */ = {
			isa = XCConfigurationList;
			buildConfigurations = (
				4AF3802428C788F5003E7F64 /* Debug */,
				4AF3802528C788F5003E7F64 /* Release */,
			);
			defaultConfigurationIsVisible = 0;
			defaultConfigurationName = Release;
		};
/* End XCConfigurationList section */
	};
	rootObject = 4AF3800728C788F4003E7F64 /* Project object */;
}
